
Microsoft Visual Studio Solution File, Format Version 12.00
# Visual Studio 15
VisualStudioVersion = 15.0.28307.168
MinimumVisualStudioVersion = 10.0.40219.1
Project("{9A19103F-16F7-4668-BE54-9A1E7A4F7556}") = "DellChallenge.A", "DellChallenge.A\DellChallenge.A.csproj", "{FBA47CAD-9263-4F82-8066-BE68C7BBD47A}"
EndProject
Project("{9A19103F-16F7-4668-BE54-9A1E7A4F7556}") = "DellChallenge.B", "DellChallenge.B\DellChallenge.B.csproj", "{C30BD593-B18C-4625-9BD7-0D69FAF397D3}"
EndProject
Project("{9A19103F-16F7-4668-BE54-9A1E7A4F7556}") = "DellChallenge.C", "DellChallenge.C\DellChallenge.C.csproj", "{19D8FC7E-7040-495A-81B4-F83738B18B0D}"
EndProject
Project("{9A19103F-16F7-4668-BE54-9A1E7A4F7556}") = "DellChallenge.D1.Api", "DellChallenge.D1.Api\DellChallenge.D1.Api.csproj", "{D2FC3998-3D22-487A-997F-B0D1CF6CB6E2}"
EndProject
Project("{FAE04EC0-301F-11D3-BF4B-00C04F79EFBC}") = "DellChallenge.D2.Web", "DellChallenge.D2.Web\DellChallenge.D2.Web.csproj", "{40B220A3-8214-445C-8DA6-EE5CDFEC8891}"
EndProject
Global
	GlobalSection(SolutionConfigurationPlatforms) = preSolution
		Debug|Any CPU = Debug|Any CPU
		Release|Any CPU = Release|Any CPU
	EndGlobalSection
	GlobalSection(ProjectConfigurationPlatforms) = postSolution
		{FBA47CAD-9263-4F82-8066-BE68C7BBD47A}.Debug|Any CPU.ActiveCfg = Debug|Any CPU
		{FBA47CAD-9263-4F82-8066-BE68C7BBD47A}.Debug|Any CPU.Build.0 = Debug|Any CPU
		{FBA47CAD-9263-4F82-8066-BE68C7BBD47A}.Release|Any CPU.ActiveCfg = Release|Any CPU
		{FBA47CAD-9263-4F82-8066-BE68C7BBD47A}.Release|Any CPU.Build.0 = Release|Any CPU
		{C30BD593-B18C-4625-9BD7-0D69FAF397D3}.Debug|Any CPU.ActiveCfg = Debug|Any CPU
		{C30BD593-B18C-4625-9BD7-0D69FAF397D3}.Debug|Any CPU.Build.0 = Debug|Any CPU
		{C30BD593-B18C-4625-9BD7-0D69FAF397D3}.Release|Any CPU.ActiveCfg = Release|Any CPU
		{C30BD593-B18C-4625-9BD7-0D69FAF397D3}.Release|Any CPU.Build.0 = Release|Any CPU
		{19D8FC7E-7040-495A-81B4-F83738B18B0D}.Debug|Any CPU.ActiveCfg = Debug|Any CPU
		{19D8FC7E-7040-495A-81B4-F83738B18B0D}.Debug|Any CPU.Build.0 = Debug|Any CPU
		{19D8FC7E-7040-495A-81B4-F83738B18B0D}.Release|Any CPU.ActiveCfg = Release|Any CPU
		{19D8FC7E-7040-495A-81B4-F83738B18B0D}.Release|Any CPU.Build.0 = Release|Any CPU
		{D2FC3998-3D22-487A-997F-B0D1CF6CB6E2}.Debug|Any CPU.ActiveCfg = Debug|Any CPU
		{D2FC3998-3D22-487A-997F-B0D1CF6CB6E2}.Debug|Any CPU.Build.0 = Debug|Any CPU
		{D2FC3998-3D22-487A-997F-B0D1CF6CB6E2}.Release|Any CPU.ActiveCfg = Release|Any CPU
		{D2FC3998-3D22-487A-997F-B0D1CF6CB6E2}.Release|Any CPU.Build.0 = Release|Any CPU
		{40B220A3-8214-445C-8DA6-EE5CDFEC8891}.Debug|Any CPU.ActiveCfg = Debug|Any CPU
		{40B220A3-8214-445C-8DA6-EE5CDFEC8891}.Debug|Any CPU.Build.0 = Debug|Any CPU
		{40B220A3-8214-445C-8DA6-EE5CDFEC8891}.Release|Any CPU.ActiveCfg = Release|Any CPU
		{40B220A3-8214-445C-8DA6-EE5CDFEC8891}.Release|Any CPU.Build.0 = Release|Any CPU
	EndGlobalSection
	GlobalSection(SolutionProperties) = preSolution
		HideSolutionNode = FALSE
	EndGlobalSection
	GlobalSection(ExtensibilityGlobals) = postSolution
		SolutionGuid = {52D0B213-2DBF-41F9-A568-6A08328AB693}
	EndGlobalSection
EndGlobal
